
Microsoft Visual Studio Solution File, Format Version 12.00
# Visual Studio Version 16
VisualStudioVersion = 16.0.29215.179
MinimumVisualStudioVersion = 10.0.40219.1
Project("{9A19103F-16F7-4668-BE54-9A1E7A4F7556}") = "EventsService", "EventsService\EventsService.csproj", "{16514717-1904-4379-80B4-802B1CE5677F}"
EndProject
Project("{9A19103F-16F7-4668-BE54-9A1E7A4F7556}") = "EventService.Api", "EventService.Api\EventService.Api.csproj", "{8D95E852-EB6A-4A88-9556-78C5F60C6757}"
EndProject
Project("{9A19103F-16F7-4668-BE54-9A1E7A4F7556}") = "UnitTests", "UnitTests\UnitTests.csproj", "{A9356F17-6C1A-4572-A44F-5EB238F5E1F6}"
EndProject
Global
	GlobalSection(SolutionConfigurationPlatforms) = preSolution
		Debug|Any CPU = Debug|Any CPU
		Release|Any CPU = Release|Any CPU
	EndGlobalSection
	GlobalSection(ProjectConfigurationPlatforms) = postSolution
		{16514717-1904-4379-80B4-802B1CE5677F}.Debug|Any CPU.ActiveCfg = Debug|Any CPU
		{16514717-1904-4379-80B4-802B1CE5677F}.Debug|Any CPU.Build.0 = Debug|Any CPU
		{16514717-1904-4379-80B4-802B1CE5677F}.Release|Any CPU.ActiveCfg = Release|Any CPU
		{16514717-1904-4379-80B4-802B1CE5677F}.Release|Any CPU.Build.0 = Release|Any CPU
		{8D95E852-EB6A-4A88-9556-78C5F60C6757}.Debug|Any CPU.ActiveCfg = Debug|Any CPU
		{8D95E852-EB6A-4A88-9556-78C5F60C6757}.Debug|Any CPU.Build.0 = Debug|Any CPU
		{8D95E852-EB6A-4A88-9556-78C5F60C6757}.Release|Any CPU.ActiveCfg = Release|Any CPU
		{8D95E852-EB6A-4A88-9556-78C5F60C6757}.Release|Any CPU.Build.0 = Release|Any CPU
		{A9356F17-6C1A-4572-A44F-5EB238F5E1F6}.Debug|Any CPU.ActiveCfg = Debug|Any CPU
		{A9356F17-6C1A-4572-A44F-5EB238F5E1F6}.Debug|Any CPU.Build.0 = Debug|Any CPU
		{A9356F17-6C1A-4572-A44F-5EB238F5E1F6}.Release|Any CPU.ActiveCfg = Release|Any CPU
		{A9356F17-6C1A-4572-A44F-5EB238F5E1F6}.Release|Any CPU.Build.0 = Release|Any CPU
	EndGlobalSection
	GlobalSection(SolutionProperties) = preSolution
		HideSolutionNode = FALSE
	EndGlobalSection
	GlobalSection(ExtensibilityGlobals) = postSolution
		SolutionGuid = {1C56DF50-EBFD-4537-AE42-DECE2AEA7ACC}
	EndGlobalSection
EndGlobal
